
Microsoft Visual Studio Solution File, Format Version 12.00
# Visual Studio Version 17
VisualStudioVersion = 17.0.32014.148
MinimumVisualStudioVersion = 10.0.40219.1
Project("{FAE04EC0-301F-11D3-BF4B-00C04F79EFBC}") = "DevHopsBackEnd", "DevHopsBackEnd\DevHopsBackEnd.csproj", "{3FB185B7-CC3E-4DAF-8F6B-DB63A55F3D3D}"
EndProject
Global
	GlobalSection(SolutionConfigurationPlatforms) = preSolution
		Debug|Any CPU = Debug|Any CPU
		Release|Any CPU = Release|Any CPU
	EndGlobalSection
	GlobalSection(ProjectConfigurationPlatforms) = postSolution
		{3FB185B7-CC3E-4DAF-8F6B-DB63A55F3D3D}.Debug|Any CPU.ActiveCfg = Debug|Any CPU
		{3FB185B7-CC3E-4DAF-8F6B-DB63A55F3D3D}.Debug|Any CPU.Build.0 = Debug|Any CPU
		{3FB185B7-CC3E-4DAF-8F6B-DB63A55F3D3D}.Release|Any CPU.ActiveCfg = Release|Any CPU
		{3FB185B7-CC3E-4DAF-8F6B-DB63A55F3D3D}.Release|Any CPU.Build.0 = Release|Any CPU
	EndGlobalSection
	GlobalSection(SolutionProperties) = preSolution
		HideSolutionNode = FALSE
	EndGlobalSection
	GlobalSection(ExtensibilityGlobals) = postSolution
		SolutionGuid = {E0E854E1-D870-4E42-9405-2B50AE53AC02}
	EndGlobalSection
EndGlobal
