
Microsoft Visual Studio Solution File, Format Version 12.00
# Visual Studio Version 17
VisualStudioVersion = 17.1.32210.238
MinimumVisualStudioVersion = 10.0.40219.1
Project("{9A19103F-16F7-4668-BE54-9A1E7A4F7556}") = "DevHopsGH", "DevHopsGH.csproj", "{1E3B9B80-852C-4049-A379-2F23F151CF56}"
EndProject
Global
	GlobalSection(SolutionConfigurationPlatforms) = preSolution
		Debug|Any CPU = Debug|Any CPU
		Release|Any CPU = Release|Any CPU
	EndGlobalSection
	GlobalSection(ProjectConfigurationPlatforms) = postSolution
		{1E3B9B80-852C-4049-A379-2F23F151CF56}.Debug|Any CPU.ActiveCfg = Debug|Any CPU
		{1E3B9B80-852C-4049-A379-2F23F151CF56}.Debug|Any CPU.Build.0 = Debug|Any CPU
		{1E3B9B80-852C-4049-A379-2F23F151CF56}.Release|Any CPU.ActiveCfg = Release|Any CPU
		{1E3B9B80-852C-4049-A379-2F23F151CF56}.Release|Any CPU.Build.0 = Release|Any CPU
	EndGlobalSection
	GlobalSection(SolutionProperties) = preSolution
		HideSolutionNode = FALSE
	EndGlobalSection
	GlobalSection(ExtensibilityGlobals) = postSolution
		SolutionGuid = {BA7E9E78-3FD9-461B-92DC-20472100BD75}
	EndGlobalSection
EndGlobal
